
Microsoft Visual Studio Solution File, Format Version 12.00
# Visual Studio 15
VisualStudioVersion = 15.0.28307.539
MinimumVisualStudioVersion = 10.0.40219.1
Project("{2150E333-8FDC-42A3-9474-1A3956D46DE8}") = "Tests", "Tests", "{C13F4180-7C3B-4ADC-B29E-8B1866C7BA8D}"
EndProject
Project("{2150E333-8FDC-42A3-9474-1A3956D46DE8}") = "Contracts", "Contracts", "{9F2A7756-E21D-4FF3-8F29-1EA785D2D995}"
EndProject
Project("{9A19103F-16F7-4668-BE54-9A1E7A4F7556}") = "DALContracts", "DALContracts\DALContracts.csproj", "{4CC80BCF-A8F4-42C9-8D9C-75BA6246E45C}"
EndProject
Project("{9A19103F-16F7-4668-BE54-9A1E7A4F7556}") = "CommonEntities", "CommonEntities\CommonEntities.csproj", "{DEC60AAE-A3FC-4DF8-B520-9ECAFFB94AC8}"
EndProject
Project("{9A19103F-16F7-4668-BE54-9A1E7A4F7556}") = "BLContracts", "BLContracts\BLContracts.csproj", "{91A4B788-CF2A-46C8-A438-8945773DAB5F}"
EndProject
Project("{9A19103F-16F7-4668-BE54-9A1E7A4F7556}") = "DAL.OnlineStore", "DAL.OnlineStore\DAL.OnlineStore.csproj", "{58F23C52-399F-4280-ABEB-01644DC969E3}"
EndProject
Project("{9A19103F-16F7-4668-BE54-9A1E7A4F7556}") = "StoreWebApi", "StoreWebApi\StoreWebApi.csproj", "{EC6F6933-E0C1-4849-A5CF-389E83AE6166}"
EndProject
Project("{9A19103F-16F7-4668-BE54-9A1E7A4F7556}") = "BL.OnlineStore", "BL.OnlineStore\BL.OnlineStore.csproj", "{08630EF7-09CF-4A02-A3CA-98A262EA2523}"
EndProject
Project("{9A19103F-16F7-4668-BE54-9A1E7A4F7556}") = "Bl.OnlineStore.Tests", "Bl.OnlineStore.Tests\Bl.OnlineStore.Tests.csproj", "{22F5BF69-D2A2-4B56-B235-52AF9B84E56A}"
EndProject
Global
	GlobalSection(SolutionConfigurationPlatforms) = preSolution
		Debug|Any CPU = Debug|Any CPU
		Release|Any CPU = Release|Any CPU
	EndGlobalSection
	GlobalSection(ProjectConfigurationPlatforms) = postSolution
		{4CC80BCF-A8F4-42C9-8D9C-75BA6246E45C}.Debug|Any CPU.ActiveCfg = Debug|Any CPU
		{4CC80BCF-A8F4-42C9-8D9C-75BA6246E45C}.Debug|Any CPU.Build.0 = Debug|Any CPU
		{4CC80BCF-A8F4-42C9-8D9C-75BA6246E45C}.Release|Any CPU.ActiveCfg = Release|Any CPU
		{4CC80BCF-A8F4-42C9-8D9C-75BA6246E45C}.Release|Any CPU.Build.0 = Release|Any CPU
		{DEC60AAE-A3FC-4DF8-B520-9ECAFFB94AC8}.Debug|Any CPU.ActiveCfg = Debug|Any CPU
		{DEC60AAE-A3FC-4DF8-B520-9ECAFFB94AC8}.Debug|Any CPU.Build.0 = Debug|Any CPU
		{DEC60AAE-A3FC-4DF8-B520-9ECAFFB94AC8}.Release|Any CPU.ActiveCfg = Release|Any CPU
		{DEC60AAE-A3FC-4DF8-B520-9ECAFFB94AC8}.Release|Any CPU.Build.0 = Release|Any CPU
		{91A4B788-CF2A-46C8-A438-8945773DAB5F}.Debug|Any CPU.ActiveCfg = Debug|Any CPU
		{91A4B788-CF2A-46C8-A438-8945773DAB5F}.Debug|Any CPU.Build.0 = Debug|Any CPU
		{91A4B788-CF2A-46C8-A438-8945773DAB5F}.Release|Any CPU.ActiveCfg = Release|Any CPU
		{91A4B788-CF2A-46C8-A438-8945773DAB5F}.Release|Any CPU.Build.0 = Release|Any CPU
		{58F23C52-399F-4280-ABEB-01644DC969E3}.Debug|Any CPU.ActiveCfg = Debug|Any CPU
		{58F23C52-399F-4280-ABEB-01644DC969E3}.Debug|Any CPU.Build.0 = Debug|Any CPU
		{58F23C52-399F-4280-ABEB-01644DC969E3}.Release|Any CPU.ActiveCfg = Release|Any CPU
		{58F23C52-399F-4280-ABEB-01644DC969E3}.Release|Any CPU.Build.0 = Release|Any CPU
		{EC6F6933-E0C1-4849-A5CF-389E83AE6166}.Debug|Any CPU.ActiveCfg = Debug|Any CPU
		{EC6F6933-E0C1-4849-A5CF-389E83AE6166}.Debug|Any CPU.Build.0 = Debug|Any CPU
		{EC6F6933-E0C1-4849-A5CF-389E83AE6166}.Release|Any CPU.ActiveCfg = Release|Any CPU
		{EC6F6933-E0C1-4849-A5CF-389E83AE6166}.Release|Any CPU.Build.0 = Release|Any CPU
		{08630EF7-09CF-4A02-A3CA-98A262EA2523}.Debug|Any CPU.ActiveCfg = Debug|Any CPU
		{08630EF7-09CF-4A02-A3CA-98A262EA2523}.Debug|Any CPU.Build.0 = Debug|Any CPU
		{08630EF7-09CF-4A02-A3CA-98A262EA2523}.Release|Any CPU.ActiveCfg = Release|Any CPU
		{08630EF7-09CF-4A02-A3CA-98A262EA2523}.Release|Any CPU.Build.0 = Release|Any CPU
		{22F5BF69-D2A2-4B56-B235-52AF9B84E56A}.Debug|Any CPU.ActiveCfg = Debug|Any CPU
		{22F5BF69-D2A2-4B56-B235-52AF9B84E56A}.Debug|Any CPU.Build.0 = Debug|Any CPU
		{22F5BF69-D2A2-4B56-B235-52AF9B84E56A}.Release|Any CPU.ActiveCfg = Release|Any CPU
		{22F5BF69-D2A2-4B56-B235-52AF9B84E56A}.Release|Any CPU.Build.0 = Release|Any CPU
	EndGlobalSection
	GlobalSection(SolutionProperties) = preSolution
		HideSolutionNode = FALSE
	EndGlobalSection
	GlobalSection(NestedProjects) = preSolution
		{4CC80BCF-A8F4-42C9-8D9C-75BA6246E45C} = {9F2A7756-E21D-4FF3-8F29-1EA785D2D995}
		{DEC60AAE-A3FC-4DF8-B520-9ECAFFB94AC8} = {9F2A7756-E21D-4FF3-8F29-1EA785D2D995}
		{91A4B788-CF2A-46C8-A438-8945773DAB5F} = {9F2A7756-E21D-4FF3-8F29-1EA785D2D995}
		{22F5BF69-D2A2-4B56-B235-52AF9B84E56A} = {C13F4180-7C3B-4ADC-B29E-8B1866C7BA8D}
	EndGlobalSection
	GlobalSection(ExtensibilityGlobals) = postSolution
		SolutionGuid = {02622D6D-6DD9-40C8-A3E0-1A346F00E59C}
	EndGlobalSection
EndGlobal
